Microsoft Visual Studio Solution File, Format Version 12.00
# Visual Studio Version 17
VisualStudioVersion = 17.5.2.0
MinimumVisualStudioVersion = 10.0.40219.1
Project("{FAE04EC0-301F-11D3-BF4B-00C04F79EFBC}") = "Programmering-2-Projekt-VT--26", "Programmering-2-Projekt-VT--26.csproj", "{57476126-CC3C-6F97-12EA-312B7F89F135}"
EndProject
Global
	GlobalSection(SolutionConfigurationPlatforms) = preSolution
		Debug|Any CPU = Debug|Any CPU
		Release|Any CPU = Release|Any CPU
	EndGlobalSection
	GlobalSection(ProjectConfigurationPlatforms) = postSolution
		{57476126-CC3C-6F97-12EA-312B7F89F135}.Debug|Any CPU.ActiveCfg = Debug|Any CPU
		{57476126-CC3C-6F97-12EA-312B7F89F135}.Debug|Any CPU.Build.0 = Debug|Any CPU
		{57476126-CC3C-6F97-12EA-312B7F89F135}.Release|Any CPU.ActiveCfg = Release|Any CPU
		{57476126-CC3C-6F97-12EA-312B7F89F135}.Release|Any CPU.Build.0 = Release|Any CPU
	EndGlobalSection
	GlobalSection(SolutionProperties) = preSolution
		HideSolutionNode = FALSE
	EndGlobalSection
	GlobalSection(ExtensibilityGlobals) = postSolution
		SolutionGuid = {F801AEC2-6B9F-41DE-BA6B-BA908E1FA5C2}
	EndGlobalSection
EndGlobal
